dependencies:
- name: elasticsearch
  repository: file://../../elasticsearch
  version: 0.1.0
- name: opensearch-helm
  repository: file://../../opensearch-helm
  version: 0.1.0
- name: kafka-op
  repository: file://../../kafka-op
  version: 0.1.0
- name: migration-console
  repository: file://../../migration-console
  version: 0.1.0
- name: replayer
  repository: file://../../replayer
  version: 0.1.0
- name: capture-proxy
  repository: file://../../capture-proxy
  version: 0.1.0
- name: reindex-from-snapshot
  repository: file://../../reindex-from-snapshot
  version: 0.1.0
digest: sha256:f150a39fb9de82b31d6dcf1c56c6469e206dd24412de5a12d8183c365f7c2738
generated: "2024-10-16T17:08:42.54601-05:00"
