dependencies:
- name: elasticsearch
  repository: file://../../elasticsearch
  version: 0.1.0
- name: opensearch-helm
  repository: file://../../opensearch-helm
  version: 0.1.0
- name: kafka-helm
  repository: file://../../kafka-helm
  version: 0.1.0
- name: migration-console
  repository: file://../../migration-console
  version: 0.1.0
- name: replayer
  repository: file://../../replayer
  version: 0.1.0
- name: capture-proxy
  repository: file://../../capture-proxy
  version: 0.1.0
- name: reindex-from-snapshot
  repository: file://../../reindex-from-snapshot
  version: 0.1.0
digest: sha256:22e6f3906cac197c24acb27654f38c6e4e2abef6ae70077058093166c9f29264
generated: "2024-10-15T13:08:09.729613-05:00"
