dependencies:
- name: elasticsearch
  repository: file://../../elasticsearch
  version: 0.1.0
- name: opensearch-helm
  repository: file://../../opensearch-helm
  version: 0.1.0
- name: kafka-op
  repository: file://../../kafka-op
  version: 0.1.0
- name: migration-console
  repository: file://../../migration-console
  version: 0.1.0
- name: replayer
  repository: file://../../replayer
  version: 0.1.0
- name: capture-proxy
  repository: file://../../capture-proxy
  version: 0.1.0
- name: reindex-from-snapshot
  repository: file://../../reindex-from-snapshot
  version: 0.1.0
- name: shared-logs-vol
  repository: file://../../shared/shared-logs-vol
  version: 0.1.0
- name: snapshot-vol
  repository: file://../../shared/snapshot-vol
  version: 0.1.0
digest: sha256:3e79f502ad2dd012fbd9b3428374a310f2106026e0ab7feb7fd1ab1e6fd0e3f5
generated: "2024-10-18T22:56:42.045426-05:00"
