dependencies:
- name: elasticsearch
  repository: https://helm.elastic.co
  version: 8.5.1
- name: capture-proxy
  repository: file://../../components/captureProxy
  version: 0.1.0
- name: opensearch
  repository: https://opensearch-project.github.io/helm-charts/
  version: 2.23.1
digest: sha256:4a32b1cb130067ad9ac20d5e12caaab2dcf4463bce2b214bc87107f407a2f592
generated: "2024-10-28T23:14:40.432564-04:00"
