dependencies:
- name: capture-proxy
  repository: file://../../components/captureProxy
  version: 0.1.0
- name: elasticsearch
  repository: https://helm.elastic.co
  version: 8.5.1
- name: opensearch
  repository: https://opensearch-project.github.io/helm-charts/
  version: 2.23.1
digest: sha256:21f1fee499ee5a8a42f073cbaa21cc731d5e859edd587d869d736f50da01bf43
generated: "2025-02-10T13:54:29.806432-06:00"
