dependencies:
- name: helm-common
  repository: file://../helm-common
  version: 0.1.0
- name: snapshot-volume
  repository: file://../../sharedResources/snapshotVolume
  version: 0.1.0
- name: logs-volume
  repository: file://../../sharedResources/logsVolume
  version: 0.1.0
digest: sha256:cf5d93a1d72439ae56a98fa1fda701c906cea59cc7a37a886531f91470e95e0a
generated: "2024-11-05T10:52:15.582522-05:00"
