{
    "_meta": {
        "hash": {
            "sha256": "61cd419b42749e2c1a6ba26a480a459347da851484cfa9dbca298e9f664cf51e"
        },
        "pipfile-spec": 6,
        "requires": {
            "python_version": "3.11"
        },
        "sources": [
            {
                "name": "pypi",
                "url": "https://pypi.org/simple",
                "verify_ssl": true
            }
        ]
    },
    "default": {},
    "develop": {}
}
